<?xml version="1.0" encoding="UTF-8"?>
<Scheme
   LastUpgradeVersion = "0720"
   version = "1.3">
   <BuildAction
      parallelizeBuildables = "YES"
      buildImplicitDependencies = "YES">
      <BuildActionEntries>
         <BuildActionEntry
            buildForTesting = "YES"
            buildForRunning = "YES"
            buildForProfiling = "YES"
            buildForArchiving = "YES"
            buildForAnalyzing = "YES">
            <BuildableReference
               BuildableIdentifier = "primary"
               BlueprintIdentifier = "258D6BCA1C841661006F0DEE"
               BuildableName = "&#x638c;&#x4e0a;&#x9605;&#x8bfb;.app"
               BlueprintName = "&#x638c;&#x4e0a;&#x9605;&#x8bfb;"
               ReferencedContainer = "container:&#x638c;&#x4e0a;&#x9605;&#x8bfb;.xcodeproj">
            </BuildableReference>
         </BuildActionEntry>
      </BuildActionEntries>
   </BuildAction>
   <TestAction
      buildConfiguration = "Debug"
      selectedDebuggerIdentifier = "Xcode.DebuggerFoundation.Debugger.LLDB"
      selectedLauncherIdentifier = "Xcode.DebuggerFoundation.Launcher.LLDB"
      shouldUseLaunchSchemeArgsEnv = "YES">
      <Testables>
         <TestableReference
            skipped = "NO">
            <BuildableReference
               BuildableIdentifier = "primary"
               BlueprintIdentifier = "258D6BE31C841662006F0DEE"
               BuildableName = "&#x638c;&#x4e0a;&#x9605;&#x8bfb;Tests.xctest"
               BlueprintName = "&#x638c;&#x4e0a;&#x9605;&#x8bfb;Tests"
               ReferencedContainer = "container:&#x638c;&#x4e0a;&#x9605;&#x8bfb;.xcodeproj">
            </BuildableReference>
         </TestableReference>
         <TestableReference
            skipped = "NO">
            <BuildableReference
               BuildableIdentifier = "primary"
               BlueprintIdentifier = "258D6BEE1C841662006F0DEE"
               BuildableName = "&#x638c;&#x4e0a;&#x9605;&#x8bfb;UITests.xctest"
               BlueprintName = "&#x638c;&#x4e0a;&#x9605;&#x8bfb;UITests"
               ReferencedContainer = "container:&#x638c;&#x4e0a;&#x9605;&#x8bfb;.xcodeproj">
            </BuildableReference>
         </TestableReference>
      </Testables>
      <MacroExpansion>
         <BuildableReference
            BuildableIdentifier = "primary"
            BlueprintIdentifier = "258D6BCA1C841661006F0DEE"
            BuildableName = "&#x638c;&#x4e0a;&#x9605;&#x8bfb;.app"
            BlueprintName = "&#x638c;&#x4e0a;&#x9605;&#x8bfb;"
            ReferencedContainer = "container:&#x638c;&#x4e0a;&#x9605;&#x8bfb;.xcodeproj">
         </BuildableReference>
      </MacroExpansion>
      <AdditionalOptions>
      </AdditionalOptions>
   </TestAction>
   <LaunchAction
      buildConfiguration = "Debug"
      selectedDebuggerIdentifier = "Xcode.DebuggerFoundation.Debugger.LLDB"
      selectedLauncherIdentifier = "Xcode.DebuggerFoundation.Launcher.LLDB"
      launchStyle = "0"
      useCustomWorkingDirectory = "NO"
      ignoresPersistentStateOnLaunch = "NO"
      debugDocumentVersioning = "YES"
      debugServiceExtension = "internal"
      allowLocationSimulation = "YES">
      <BuildableProductRunnable
         runnableDebuggingMode = "0">
         <BuildableReference
            BuildableIdentifier = "primary"
            BlueprintIdentifier = "258D6BCA1C841661006F0DEE"
            BuildableName = "&#x638c;&#x4e0a;&#x9605;&#x8bfb;.app"
            BlueprintName = "&#x638c;&#x4e0a;&#x9605;&#x8bfb;"
            ReferencedContainer = "container:&#x638c;&#x4e0a;&#x9605;&#x8bfb;.xcodeproj">
         </BuildableReference>
      </BuildableProductRunnable>
      <AdditionalOptions>
      </AdditionalOptions>
   </LaunchAction>
   <ProfileAction
      buildConfiguration = "Release"
      shouldUseLaunchSchemeArgsEnv = "YES"
      savedToolIdentifier = ""
      useCustomWorkingDirectory = "NO"
      debugDocumentVersioning = "YES">
      <BuildableProductRunnable
         runnableDebuggingMode = "0">
         <BuildableReference
            BuildableIdentifier = "primary"
            BlueprintIdentifier = "258D6BCA1C841661006F0DEE"
            BuildableName = "&#x638c;&#x4e0a;&#x9605;&#x8bfb;.app"
            BlueprintName = "&#x638c;&#x4e0a;&#x9605;&#x8bfb;"
            ReferencedContainer = "container:&#x638c;&#x4e0a;&#x9605;&#x8bfb;.xcodeproj">
         </BuildableReference>
      </BuildableProductRunnable>
   </ProfileAction>
   <AnalyzeAction
      buildConfiguration = "Debug">
   </AnalyzeAction>
   <ArchiveAction
      buildConfiguration = "Release"
      revealArchiveInOrganizer = "YES">
   </ArchiveAction>
</Scheme>
